
Microsoft Visual Studio Solution File, Format Version 12.00
# Visual Studio 15
VisualStudioVersion = 15.0.27428.2011
MinimumVisualStudioVersion = 10.0.40219.1
Project("{FAE04EC0-301F-11D3-BF4B-00C04F79EFBC}") = "EntityModel", "EntityProperty\EntityModel.csproj", "{9546702A-507B-435C-95FA-14C7F150A03F}"
EndProject
Project("{FAE04EC0-301F-11D3-BF4B-00C04F79EFBC}") = "EntityModel.UnitTests", "EntityModel.UnitTests\EntityModel.UnitTests.csproj", "{FFA6847A-620D-435D-B73A-93A41A986004}"
EndProject
Global
	GlobalSection(SolutionConfigurationPlatforms) = preSolution
		Debug|Any CPU = Debug|Any CPU
		Release|Any CPU = Release|Any CPU
	EndGlobalSection
	GlobalSection(ProjectConfigurationPlatforms) = postSolution
		{9546702A-507B-435C-95FA-14C7F150A03F}.Debug|Any CPU.ActiveCfg = Debug|Any CPU
		{9546702A-507B-435C-95FA-14C7F150A03F}.Debug|Any CPU.Build.0 = Debug|Any CPU
		{9546702A-507B-435C-95FA-14C7F150A03F}.Release|Any CPU.ActiveCfg = Release|Any CPU
		{9546702A-507B-435C-95FA-14C7F150A03F}.Release|Any CPU.Build.0 = Release|Any CPU
		{FFA6847A-620D-435D-B73A-93A41A986004}.Debug|Any CPU.ActiveCfg = Debug|Any CPU
		{FFA6847A-620D-435D-B73A-93A41A986004}.Debug|Any CPU.Build.0 = Debug|Any CPU
		{FFA6847A-620D-435D-B73A-93A41A986004}.Release|Any CPU.ActiveCfg = Release|Any CPU
		{FFA6847A-620D-435D-B73A-93A41A986004}.Release|Any CPU.Build.0 = Release|Any CPU
	EndGlobalSection
	GlobalSection(SolutionProperties) = preSolution
		HideSolutionNode = FALSE
	EndGlobalSection
	GlobalSection(ExtensibilityGlobals) = postSolution
		SolutionGuid = {6570511C-F364-44AE-94AE-8B28C855E0BF}
	EndGlobalSection
EndGlobal
